// !$*UTF8*$!
{
	archiveVersion = 1;
	classes = {
	};
	objectVersion = 46;
	objects = {

/* Begin PBXFileReference section */
		E3F882401C415B960076D87C /* pp.c */ = {isa = PBXFileReference; lastKnownFileType = sourcecode.c.c; path = pp.c; sourceTree = "<group>"; };
		E3F882411C415B960076D87C /* pp.h */ = {isa = PBXFileReference; lastKnownFileType = sourcecode.c.h; path = pp.h; sourceTree = "<group>"; };
		E3F882421C415C390076D87C /* Makefile */ = {isa = PBXFileReference; lastKnownFileType = sourcecode.make; path = Makefile; sourceTree = "<group>"; };
/* End PBXFileReference section */

/* Begin PBXGroup section */
		E3F882391C415B7F0076D87C = {
			isa = PBXGroup;
			children = (
				E3F882401C415B960076D87C /* pp.c */,
				E3F882421C415C390076D87C /* Makefile */,
				E3F882411C415B960076D87C /* pp.h */,
			);
			sourceTree = "<group>";
		};
/* End PBXGroup section */

/* Begin PBXProject section */
		E3F8823A1C415B7F0076D87C /* Project object */ = {
			isa = PBXProject;
			attributes = {
				LastUpgradeCheck = 0720;
			};
			buildConfigurationList = E3F8823D1C415B7F0076D87C /* Build configuration list for PBXProject "pretty-printer" */;
			compatibilityVersion = "Xcode 3.2";
			developmentRegion = English;
			hasScannedForEncodings = 0;
			knownRegions = (
				en,
			);
			mainGroup = E3F882391C415B7F0076D87C;
			projectDirPath = "";
			projectRoot = "";
			targets = (
			);
		};
/* End PBXProject section */

/* Begin XCBuildConfiguration section */
		E3F8823E1C415B7F0076D87C /* Debug */ = {
			isa = XCBuildConfiguration;
			buildSettings = {
			};
			name = Debug;
		};
		E3F8823F1C415B7F0076D87C /* Release */ = {
			isa = XCBuildConfiguration;
			buildSettings = {
			};
			name = Release;
		};
/* End XCBuildConfiguration section */

/* Begin XCConfigurationList section */
		E3F8823D1C415B7F0076D87C /* Build configuration list for PBXProject "pretty-printer" */ = {
			isa = XCConfigurationList;
			buildConfigurations = (
				E3F8823E1C415B7F0076D87C /* Debug */,
				E3F8823F1C415B7F0076D87C /* Release */,
			);
			defaultConfigurationIsVisible = 0;
			defaultConfigurationName = Release;
		};
/* End XCConfigurationList section */
	};
	rootObject = E3F8823A1C415B7F0076D87C /* Project object */;
}
